
Microsoft Visual Studio Solution File, Format Version 12.00
# Visual Studio Version 16
VisualStudioVersion = 16.0.30804.86
MinimumVisualStudioVersion = 10.0.40219.1
Project("{2150E333-8FDC-42A3-9474-1A3956D46DE8}") = "Server", "Server", "{F088D766-D333-4751-9EAC-73D78AF65A8A}"
EndProject
Project("{FAE04EC0-301F-11D3-BF4B-00C04F79EFBC}") = "TicketsBasket.Models", "TicketsBasket.Models\TicketsBasket.Models.csproj", "{76EFEF07-6121-4B82-8964-464E77B3201A}"
EndProject
Project("{FAE04EC0-301F-11D3-BF4B-00C04F79EFBC}") = "TicketsBasket.Api", "TicketsBasket.Api\TicketsBasket.Api.csproj", "{DAF134E2-4FF2-4889-B830-79C4929AC434}"
EndProject
Global
	GlobalSection(SolutionConfigurationPlatforms) = preSolution
		Debug|Any CPU = Debug|Any CPU
		Release|Any CPU = Release|Any CPU
	EndGlobalSection
	GlobalSection(ProjectConfigurationPlatforms) = postSolution
		{76EFEF07-6121-4B82-8964-464E77B3201A}.Debug|Any CPU.ActiveCfg = Debug|Any CPU
		{76EFEF07-6121-4B82-8964-464E77B3201A}.Debug|Any CPU.Build.0 = Debug|Any CPU
		{76EFEF07-6121-4B82-8964-464E77B3201A}.Release|Any CPU.ActiveCfg = Release|Any CPU
		{76EFEF07-6121-4B82-8964-464E77B3201A}.Release|Any CPU.Build.0 = Release|Any CPU
		{DAF134E2-4FF2-4889-B830-79C4929AC434}.Debug|Any CPU.ActiveCfg = Debug|Any CPU
		{DAF134E2-4FF2-4889-B830-79C4929AC434}.Debug|Any CPU.Build.0 = Debug|Any CPU
		{DAF134E2-4FF2-4889-B830-79C4929AC434}.Release|Any CPU.ActiveCfg = Release|Any CPU
		{DAF134E2-4FF2-4889-B830-79C4929AC434}.Release|Any CPU.Build.0 = Release|Any CPU
	EndGlobalSection
	GlobalSection(SolutionProperties) = preSolution
		HideSolutionNode = FALSE
	EndGlobalSection
	GlobalSection(NestedProjects) = preSolution
		{76EFEF07-6121-4B82-8964-464E77B3201A} = {F088D766-D333-4751-9EAC-73D78AF65A8A}
		{DAF134E2-4FF2-4889-B830-79C4929AC434} = {F088D766-D333-4751-9EAC-73D78AF65A8A}
	EndGlobalSection
	GlobalSection(ExtensibilityGlobals) = postSolution
		SolutionGuid = {940C636C-A4CB-4E0F-BE15-AFC1DFE4FD2E}
	EndGlobalSection
EndGlobal
